
Microsoft Visual Studio Solution File, Format Version 12.00
# Visual Studio Version 17
VisualStudioVersion = 17.0.31903.59
MinimumVisualStudioVersion = 10.0.40219.1
Project("{2150E333-8FDC-42A3-9474-1A3956D46DE8}") = "src", "src", "{827E0CD3-B72D-47B6-A68D-7590B98EB39B}"
EndProject
Project("{FAE04EC0-301F-11D3-BF4B-00C04F79EFBC}") = "Moongazing.OrionLedger", "src\Moongazing.OrionLedger\Moongazing.OrionLedger.csproj", "{86C89F99-7580-4BE8-AB9E-851A1BD4DD96}"
EndProject
Project("{2150E333-8FDC-42A3-9474-1A3956D46DE8}") = "tests", "tests", "{0AB3BF05-4346-4AA6-1389-037BE0695223}"
EndProject
Project("{FAE04EC0-301F-11D3-BF4B-00C04F79EFBC}") = "Moongazing.OrionLedger.Tests", "tests\Moongazing.OrionLedger.Tests\Moongazing.OrionLedger.Tests.csproj", "{D4152799-11E6-4936-BEA3-9081A61CD3E4}"
EndProject
Project("{2150E333-8FDC-42A3-9474-1A3956D46DE8}") = "benchmarks", "benchmarks", "{66320409-64EC-F7C5-3DEF-65E7510DAAD1}"
EndProject
Project("{FAE04EC0-301F-11D3-BF4B-00C04F79EFBC}") = "Moongazing.OrionLedger.Benchmarks", "benchmarks\Moongazing.OrionLedger.Benchmarks\Moongazing.OrionLedger.Benchmarks.csproj", "{4B158D2D-B6C6-41A1-AE5F-220FCB4EC9FA}"
EndProject
Project("{2150E333-8FDC-42A3-9474-1A3956D46DE8}") = "demo", "demo", "{A39C23D2-F2C0-258D-165A-CF1E7FEE6E7B}"
EndProject
Project("{FAE04EC0-301F-11D3-BF4B-00C04F79EFBC}") = "Moongazing.OrionLedger.Demo", "demo\Moongazing.OrionLedger.Demo\Moongazing.OrionLedger.Demo.csproj", "{D7B43D55-A2F9-46AB-9823-D8AD48EE6BBE}"
EndProject
Project("{FAE04EC0-301F-11D3-BF4B-00C04F79EFBC}") = "Moongazing.OrionLedger.EntityFrameworkCore", "src\Moongazing.OrionLedger.EntityFrameworkCore\Moongazing.OrionLedger.EntityFrameworkCore.csproj", "{A570E785-D3D8-4920-B54E-5CDC367E89E4}"
EndProject
Project("{FAE04EC0-301F-11D3-BF4B-00C04F79EFBC}") = "Moongazing.OrionLedger.Conformance", "src\Moongazing.OrionLedger.Conformance\Moongazing.OrionLedger.Conformance.csproj", "{5D226F3C-43A7-4B7E-A3F7-5495B7B94AA5}"
EndProject
Project("{FAE04EC0-301F-11D3-BF4B-00C04F79EFBC}") = "Moongazing.OrionLedger.EntityFrameworkCore.Tests", "tests\Moongazing.OrionLedger.EntityFrameworkCore.Tests\Moongazing.OrionLedger.EntityFrameworkCore.Tests.csproj", "{8A44FCB1-0B56-4FF6-AFC3-7FFFEB5AE885}"
EndProject
Project("{FAE04EC0-301F-11D3-BF4B-00C04F79EFBC}") = "Moongazing.OrionLedger.AspNetCore", "src\Moongazing.OrionLedger.AspNetCore\Moongazing.OrionLedger.AspNetCore.csproj", "{C24785F4-AD4B-4A94-B5AE-C1BC70063E4D}"
EndProject
Project("{FAE04EC0-301F-11D3-BF4B-00C04F79EFBC}") = "Moongazing.OrionLedger.AspNetCore.Tests", "tests\Moongazing.OrionLedger.AspNetCore.Tests\Moongazing.OrionLedger.AspNetCore.Tests.csproj", "{5F9FFEE7-D8C1-4230-88A3-7C677322148F}"
EndProject
Global
	GlobalSection(SolutionConfigurationPlatforms) = preSolution
		Debug|Any CPU = Debug|Any CPU
		Debug|x64 = Debug|x64
		Debug|x86 = Debug|x86
		Release|Any CPU = Release|Any CPU
		Release|x64 = Release|x64
		Release|x86 = Release|x86
	EndGlobalSection
	GlobalSection(ProjectConfigurationPlatforms) = postSolution
		{86C89F99-7580-4BE8-AB9E-851A1BD4DD96}.Debug|Any CPU.ActiveCfg = Debug|Any CPU
		{86C89F99-7580-4BE8-AB9E-851A1BD4DD96}.Debug|Any CPU.Build.0 = Debug|Any CPU
		{86C89F99-7580-4BE8-AB9E-851A1BD4DD96}.Debug|x64.ActiveCfg = Debug|Any CPU
		{86C89F99-7580-4BE8-AB9E-851A1BD4DD96}.Debug|x64.Build.0 = Debug|Any CPU
		{86C89F99-7580-4BE8-AB9E-851A1BD4DD96}.Debug|x86.ActiveCfg = Debug|Any CPU
		{86C89F99-7580-4BE8-AB9E-851A1BD4DD96}.Debug|x86.Build.0 = Debug|Any CPU
		{86C89F99-7580-4BE8-AB9E-851A1BD4DD96}.Release|Any CPU.ActiveCfg = Release|Any CPU
		{86C89F99-7580-4BE8-AB9E-851A1BD4DD96}.Release|Any CPU.Build.0 = Release|Any CPU
		{86C89F99-7580-4BE8-AB9E-851A1BD4DD96}.Release|x64.ActiveCfg = Release|Any CPU
		{86C89F99-7580-4BE8-AB9E-851A1BD4DD96}.Release|x64.Build.0 = Release|Any CPU
		{86C89F99-7580-4BE8-AB9E-851A1BD4DD96}.Release|x86.ActiveCfg = Release|Any CPU
		{86C89F99-7580-4BE8-AB9E-851A1BD4DD96}.Release|x86.Build.0 = Release|Any CPU
		{D4152799-11E6-4936-BEA3-9081A61CD3E4}.Debug|Any CPU.ActiveCfg = Debug|Any CPU
		{D4152799-11E6-4936-BEA3-9081A61CD3E4}.Debug|Any CPU.Build.0 = Debug|Any CPU
		{D4152799-11E6-4936-BEA3-9081A61CD3E4}.Debug|x64.ActiveCfg = Debug|Any CPU
		{D4152799-11E6-4936-BEA3-9081A61CD3E4}.Debug|x64.Build.0 = Debug|Any CPU
		{D4152799-11E6-4936-BEA3-9081A61CD3E4}.Debug|x86.ActiveCfg = Debug|Any CPU
		{D4152799-11E6-4936-BEA3-9081A61CD3E4}.Debug|x86.Build.0 = Debug|Any CPU
		{D4152799-11E6-4936-BEA3-9081A61CD3E4}.Release|Any CPU.ActiveCfg = Release|Any CPU
		{D4152799-11E6-4936-BEA3-9081A61CD3E4}.Release|Any CPU.Build.0 = Release|Any CPU
		{D4152799-11E6-4936-BEA3-9081A61CD3E4}.Release|x64.ActiveCfg = Release|Any CPU
		{D4152799-11E6-4936-BEA3-9081A61CD3E4}.Release|x64.Build.0 = Release|Any CPU
		{D4152799-11E6-4936-BEA3-9081A61CD3E4}.Release|x86.ActiveCfg = Release|Any CPU
		{D4152799-11E6-4936-BEA3-9081A61CD3E4}.Release|x86.Build.0 = Release|Any CPU
		{4B158D2D-B6C6-41A1-AE5F-220FCB4EC9FA}.Debug|Any CPU.ActiveCfg = Debug|Any CPU
		{4B158D2D-B6C6-41A1-AE5F-220FCB4EC9FA}.Debug|Any CPU.Build.0 = Debug|Any CPU
		{4B158D2D-B6C6-41A1-AE5F-220FCB4EC9FA}.Debug|x64.ActiveCfg = Debug|Any CPU
		{4B158D2D-B6C6-41A1-AE5F-220FCB4EC9FA}.Debug|x64.Build.0 = Debug|Any CPU
		{4B158D2D-B6C6-41A1-AE5F-220FCB4EC9FA}.Debug|x86.ActiveCfg = Debug|Any CPU
		{4B158D2D-B6C6-41A1-AE5F-220FCB4EC9FA}.Debug|x86.Build.0 = Debug|Any CPU
		{4B158D2D-B6C6-41A1-AE5F-220FCB4EC9FA}.Release|Any CPU.ActiveCfg = Release|Any CPU
		{4B158D2D-B6C6-41A1-AE5F-220FCB4EC9FA}.Release|Any CPU.Build.0 = Release|Any CPU
		{4B158D2D-B6C6-41A1-AE5F-220FCB4EC9FA}.Release|x64.ActiveCfg = Release|Any CPU
		{4B158D2D-B6C6-41A1-AE5F-220FCB4EC9FA}.Release|x64.Build.0 = Release|Any CPU
		{4B158D2D-B6C6-41A1-AE5F-220FCB4EC9FA}.Release|x86.ActiveCfg = Release|Any CPU
		{4B158D2D-B6C6-41A1-AE5F-220FCB4EC9FA}.Release|x86.Build.0 = Release|Any CPU
		{D7B43D55-A2F9-46AB-9823-D8AD48EE6BBE}.Debug|Any CPU.ActiveCfg = Debug|Any CPU
		{D7B43D55-A2F9-46AB-9823-D8AD48EE6BBE}.Debug|Any CPU.Build.0 = Debug|Any CPU
		{D7B43D55-A2F9-46AB-9823-D8AD48EE6BBE}.Debug|x64.ActiveCfg = Debug|Any CPU
		{D7B43D55-A2F9-46AB-9823-D8AD48EE6BBE}.Debug|x64.Build.0 = Debug|Any CPU
		{D7B43D55-A2F9-46AB-9823-D8AD48EE6BBE}.Debug|x86.ActiveCfg = Debug|Any CPU
		{D7B43D55-A2F9-46AB-9823-D8AD48EE6BBE}.Debug|x86.Build.0 = Debug|Any CPU
		{D7B43D55-A2F9-46AB-9823-D8AD48EE6BBE}.Release|Any CPU.ActiveCfg = Release|Any CPU
		{D7B43D55-A2F9-46AB-9823-D8AD48EE6BBE}.Release|Any CPU.Build.0 = Release|Any CPU
		{D7B43D55-A2F9-46AB-9823-D8AD48EE6BBE}.Release|x64.ActiveCfg = Release|Any CPU
		{D7B43D55-A2F9-46AB-9823-D8AD48EE6BBE}.Release|x64.Build.0 = Release|Any CPU
		{D7B43D55-A2F9-46AB-9823-D8AD48EE6BBE}.Release|x86.ActiveCfg = Release|Any CPU
		{D7B43D55-A2F9-46AB-9823-D8AD48EE6BBE}.Release|x86.Build.0 = Release|Any CPU
		{A570E785-D3D8-4920-B54E-5CDC367E89E4}.Debug|Any CPU.ActiveCfg = Debug|Any CPU
		{A570E785-D3D8-4920-B54E-5CDC367E89E4}.Debug|Any CPU.Build.0 = Debug|Any CPU
		{A570E785-D3D8-4920-B54E-5CDC367E89E4}.Debug|x64.ActiveCfg = Debug|Any CPU
		{A570E785-D3D8-4920-B54E-5CDC367E89E4}.Debug|x64.Build.0 = Debug|Any CPU
		{A570E785-D3D8-4920-B54E-5CDC367E89E4}.Debug|x86.ActiveCfg = Debug|Any CPU
		{A570E785-D3D8-4920-B54E-5CDC367E89E4}.Debug|x86.Build.0 = Debug|Any CPU
		{A570E785-D3D8-4920-B54E-5CDC367E89E4}.Release|Any CPU.ActiveCfg = Release|Any CPU
		{A570E785-D3D8-4920-B54E-5CDC367E89E4}.Release|Any CPU.Build.0 = Release|Any CPU
		{A570E785-D3D8-4920-B54E-5CDC367E89E4}.Release|x64.ActiveCfg = Release|Any CPU
		{A570E785-D3D8-4920-B54E-5CDC367E89E4}.Release|x64.Build.0 = Release|Any CPU
		{A570E785-D3D8-4920-B54E-5CDC367E89E4}.Release|x86.ActiveCfg = Release|Any CPU
		{A570E785-D3D8-4920-B54E-5CDC367E89E4}.Release|x86.Build.0 = Release|Any CPU
		{5D226F3C-43A7-4B7E-A3F7-5495B7B94AA5}.Debug|Any CPU.ActiveCfg = Debug|Any CPU
		{5D226F3C-43A7-4B7E-A3F7-5495B7B94AA5}.Debug|Any CPU.Build.0 = Debug|Any CPU
		{5D226F3C-43A7-4B7E-A3F7-5495B7B94AA5}.Debug|x64.ActiveCfg = Debug|Any CPU
		{5D226F3C-43A7-4B7E-A3F7-5495B7B94AA5}.Debug|x64.Build.0 = Debug|Any CPU
		{5D226F3C-43A7-4B7E-A3F7-5495B7B94AA5}.Debug|x86.ActiveCfg = Debug|Any CPU
		{5D226F3C-43A7-4B7E-A3F7-5495B7B94AA5}.Debug|x86.Build.0 = Debug|Any CPU
		{5D226F3C-43A7-4B7E-A3F7-5495B7B94AA5}.Release|Any CPU.ActiveCfg = Release|Any CPU
		{5D226F3C-43A7-4B7E-A3F7-5495B7B94AA5}.Release|Any CPU.Build.0 = Release|Any CPU
		{5D226F3C-43A7-4B7E-A3F7-5495B7B94AA5}.Release|x64.ActiveCfg = Release|Any CPU
		{5D226F3C-43A7-4B7E-A3F7-5495B7B94AA5}.Release|x64.Build.0 = Release|Any CPU
		{5D226F3C-43A7-4B7E-A3F7-5495B7B94AA5}.Release|x86.ActiveCfg = Release|Any CPU
		{5D226F3C-43A7-4B7E-A3F7-5495B7B94AA5}.Release|x86.Build.0 = Release|Any CPU
		{8A44FCB1-0B56-4FF6-AFC3-7FFFEB5AE885}.Debug|Any CPU.ActiveCfg = Debug|Any CPU
		{8A44FCB1-0B56-4FF6-AFC3-7FFFEB5AE885}.Debug|Any CPU.Build.0 = Debug|Any CPU
		{8A44FCB1-0B56-4FF6-AFC3-7FFFEB5AE885}.Debug|x64.ActiveCfg = Debug|Any CPU
		{8A44FCB1-0B56-4FF6-AFC3-7FFFEB5AE885}.Debug|x64.Build.0 = Debug|Any CPU
		{8A44FCB1-0B56-4FF6-AFC3-7FFFEB5AE885}.Debug|x86.ActiveCfg = Debug|Any CPU
		{8A44FCB1-0B56-4FF6-AFC3-7FFFEB5AE885}.Debug|x86.Build.0 = Debug|Any CPU
		{8A44FCB1-0B56-4FF6-AFC3-7FFFEB5AE885}.Release|Any CPU.ActiveCfg = Release|Any CPU
		{8A44FCB1-0B56-4FF6-AFC3-7FFFEB5AE885}.Release|Any CPU.Build.0 = Release|Any CPU
		{8A44FCB1-0B56-4FF6-AFC3-7FFFEB5AE885}.Release|x64.ActiveCfg = Release|Any CPU
		{8A44FCB1-0B56-4FF6-AFC3-7FFFEB5AE885}.Release|x64.Build.0 = Release|Any CPU
		{8A44FCB1-0B56-4FF6-AFC3-7FFFEB5AE885}.Release|x86.ActiveCfg = Release|Any CPU
		{8A44FCB1-0B56-4FF6-AFC3-7FFFEB5AE885}.Release|x86.Build.0 = Release|Any CPU
		{C24785F4-AD4B-4A94-B5AE-C1BC70063E4D}.Debug|Any CPU.ActiveCfg = Debug|Any CPU
		{C24785F4-AD4B-4A94-B5AE-C1BC70063E4D}.Debug|Any CPU.Build.0 = Debug|Any CPU
		{C24785F4-AD4B-4A94-B5AE-C1BC70063E4D}.Debug|x64.ActiveCfg = Debug|Any CPU
		{C24785F4-AD4B-4A94-B5AE-C1BC70063E4D}.Debug|x64.Build.0 = Debug|Any CPU
		{C24785F4-AD4B-4A94-B5AE-C1BC70063E4D}.Debug|x86.ActiveCfg = Debug|Any CPU
		{C24785F4-AD4B-4A94-B5AE-C1BC70063E4D}.Debug|x86.Build.0 = Debug|Any CPU
		{C24785F4-AD4B-4A94-B5AE-C1BC70063E4D}.Release|Any CPU.ActiveCfg = Release|Any CPU
		{C24785F4-AD4B-4A94-B5AE-C1BC70063E4D}.Release|Any CPU.Build.0 = Release|Any CPU
		{C24785F4-AD4B-4A94-B5AE-C1BC70063E4D}.Release|x64.ActiveCfg = Release|Any CPU
		{C24785F4-AD4B-4A94-B5AE-C1BC70063E4D}.Release|x64.Build.0 = Release|Any CPU
		{C24785F4-AD4B-4A94-B5AE-C1BC70063E4D}.Release|x86.ActiveCfg = Release|Any CPU
		{C24785F4-AD4B-4A94-B5AE-C1BC70063E4D}.Release|x86.Build.0 = Release|Any CPU
		{5F9FFEE7-D8C1-4230-88A3-7C677322148F}.Debug|Any CPU.ActiveCfg = Debug|Any CPU
		{5F9FFEE7-D8C1-4230-88A3-7C677322148F}.Debug|Any CPU.Build.0 = Debug|Any CPU
		{5F9FFEE7-D8C1-4230-88A3-7C677322148F}.Debug|x64.ActiveCfg = Debug|Any CPU
		{5F9FFEE7-D8C1-4230-88A3-7C677322148F}.Debug|x64.Build.0 = Debug|Any CPU
		{5F9FFEE7-D8C1-4230-88A3-7C677322148F}.Debug|x86.ActiveCfg = Debug|Any CPU
		{5F9FFEE7-D8C1-4230-88A3-7C677322148F}.Debug|x86.Build.0 = Debug|Any CPU
		{5F9FFEE7-D8C1-4230-88A3-7C677322148F}.Release|Any CPU.ActiveCfg = Release|Any CPU
		{5F9FFEE7-D8C1-4230-88A3-7C677322148F}.Release|Any CPU.Build.0 = Release|Any CPU
		{5F9FFEE7-D8C1-4230-88A3-7C677322148F}.Release|x64.ActiveCfg = Release|Any CPU
		{5F9FFEE7-D8C1-4230-88A3-7C677322148F}.Release|x64.Build.0 = Release|Any CPU
		{5F9FFEE7-D8C1-4230-88A3-7C677322148F}.Release|x86.ActiveCfg = Release|Any CPU
		{5F9FFEE7-D8C1-4230-88A3-7C677322148F}.Release|x86.Build.0 = Release|Any CPU
	EndGlobalSection
	GlobalSection(SolutionProperties) = preSolution
		HideSolutionNode = FALSE
	EndGlobalSection
	GlobalSection(NestedProjects) = preSolution
		{86C89F99-7580-4BE8-AB9E-851A1BD4DD96} = {827E0CD3-B72D-47B6-A68D-7590B98EB39B}
		{D4152799-11E6-4936-BEA3-9081A61CD3E4} = {0AB3BF05-4346-4AA6-1389-037BE0695223}
		{4B158D2D-B6C6-41A1-AE5F-220FCB4EC9FA} = {66320409-64EC-F7C5-3DEF-65E7510DAAD1}
		{D7B43D55-A2F9-46AB-9823-D8AD48EE6BBE} = {A39C23D2-F2C0-258D-165A-CF1E7FEE6E7B}
		{A570E785-D3D8-4920-B54E-5CDC367E89E4} = {827E0CD3-B72D-47B6-A68D-7590B98EB39B}
		{5D226F3C-43A7-4B7E-A3F7-5495B7B94AA5} = {827E0CD3-B72D-47B6-A68D-7590B98EB39B}
		{8A44FCB1-0B56-4FF6-AFC3-7FFFEB5AE885} = {0AB3BF05-4346-4AA6-1389-037BE0695223}
		{C24785F4-AD4B-4A94-B5AE-C1BC70063E4D} = {827E0CD3-B72D-47B6-A68D-7590B98EB39B}
		{5F9FFEE7-D8C1-4230-88A3-7C677322148F} = {0AB3BF05-4346-4AA6-1389-037BE0695223}
	EndGlobalSection
EndGlobal
